
Microsoft Visual Studio Solution File, Format Version 12.00
# Visual Studio Version 16
VisualStudioVersion = 16.0.29926.136
MinimumVisualStudioVersion = 10.0.40219.1
Project("{9A19103F-16F7-4668-BE54-9A1E7A4F7556}") = "odetofood", "odetofood\odetofood.csproj", "{E2F0244E-C205-4350-833D-5927C6FCF39D}"
EndProject
Project("{FAE04EC0-301F-11D3-BF4B-00C04F79EFBC}") = "odotofood.core", "odotofood.core\odotofood.core.csproj", "{4F76DE49-CF47-44CE-93EB-DBDD58B11997}"
EndProject
Project("{FAE04EC0-301F-11D3-BF4B-00C04F79EFBC}") = "odotofood.data", "odotofood.data\odotofood.data.csproj", "{105FAAA2-6420-4F09-A2D5-62AFDDC046B3}"
EndProject
Global
	GlobalSection(SolutionConfigurationPlatforms) = preSolution
		Debug|Any CPU = Debug|Any CPU
		Release|Any CPU = Release|Any CPU
	EndGlobalSection
	GlobalSection(ProjectConfigurationPlatforms) = postSolution
		{E2F0244E-C205-4350-833D-5927C6FCF39D}.Debug|Any CPU.ActiveCfg = Debug|Any CPU
		{E2F0244E-C205-4350-833D-5927C6FCF39D}.Debug|Any CPU.Build.0 = Debug|Any CPU
		{E2F0244E-C205-4350-833D-5927C6FCF39D}.Release|Any CPU.ActiveCfg = Release|Any CPU
		{E2F0244E-C205-4350-833D-5927C6FCF39D}.Release|Any CPU.Build.0 = Release|Any CPU
		{4F76DE49-CF47-44CE-93EB-DBDD58B11997}.Debug|Any CPU.ActiveCfg = Debug|Any CPU
		{4F76DE49-CF47-44CE-93EB-DBDD58B11997}.Debug|Any CPU.Build.0 = Debug|Any CPU
		{4F76DE49-CF47-44CE-93EB-DBDD58B11997}.Release|Any CPU.ActiveCfg = Release|Any CPU
		{4F76DE49-CF47-44CE-93EB-DBDD58B11997}.Release|Any CPU.Build.0 = Release|Any CPU
		{105FAAA2-6420-4F09-A2D5-62AFDDC046B3}.Debug|Any CPU.ActiveCfg = Debug|Any CPU
		{105FAAA2-6420-4F09-A2D5-62AFDDC046B3}.Debug|Any CPU.Build.0 = Debug|Any CPU
		{105FAAA2-6420-4F09-A2D5-62AFDDC046B3}.Release|Any CPU.ActiveCfg = Release|Any CPU
		{105FAAA2-6420-4F09-A2D5-62AFDDC046B3}.Release|Any CPU.Build.0 = Release|Any CPU
	EndGlobalSection
	GlobalSection(SolutionProperties) = preSolution
		HideSolutionNode = FALSE
	EndGlobalSection
	GlobalSection(ExtensibilityGlobals) = postSolution
		SolutionGuid = {966FF255-65B1-464C-BF1E-68123A9464F2}
	EndGlobalSection
EndGlobal
